// !$*UTF8*$!
{
	archiveVersion = 1;
	classes = {
	};
	objectVersion = 56;
	objects = {

/* Begin PBXBuildFile section */
		19571C1F2B78DC45005928B0 /* AppDelegate.swift in Sources */ = {isa = PBXBuildFile; fileRef = 19571C1E2B78DC45005928B0 /* AppDelegate.swift */; };
		19571C212B78DC45005928B0 /* SceneDelegate.swift in Sources */ = {isa = PBXBuildFile; fileRef = 19571C202B78DC45005928B0 /* SceneDelegate.swift */; };
		19571C262B78DC45005928B0 /* Main.storyboard in Resources */ = {isa = PBXBuildFile; fileRef = 19571C242B78DC45005928B0 /* Main.storyboard */; };
		19571C292B78DC45005928B0 /* Piggy_Bank.xcdatamodeld in Sources */ = {isa = PBXBuildFile; fileRef = 19571C272B78DC45005928B0 /* Piggy_Bank.xcdatamodeld */; };
		19571C2B2B78DC46005928B0 /* Assets.xcassets in Resources */ = {isa = PBXBuildFile; fileRef = 19571C2A2B78DC46005928B0 /* Assets.xcassets */; };
		19571C2E2B78DC46005928B0 /* LaunchScreen.storyboard in Resources */ = {isa = PBXBuildFile; fileRef = 19571C2C2B78DC46005928B0 /* LaunchScreen.storyboard */; };
		19571C372B78DE4C005928B0 /* LogInView.swift in Sources */ = {isa = PBXBuildFile; fileRef = 19571C362B78DE4C005928B0 /* LogInView.swift */; };
		19571C392B78DE63005928B0 /* LogInViewModel.swift in Sources */ = {isa = PBXBuildFile; fileRef = 19571C382B78DE63005928B0 /* LogInViewModel.swift */; };
		19571C652B78E64B005928B0 /* Rubik-MediumItalic.ttf in Resources */ = {isa = PBXBuildFile; fileRef = 19571C572B78E64A005928B0 /* Rubik-MediumItalic.ttf */; };
		19571C662B78E64B005928B0 /* Rubik-Black.ttf in Resources */ = {isa = PBXBuildFile; fileRef = 19571C582B78E64A005928B0 /* Rubik-Black.ttf */; };
		19571C672B78E64B005928B0 /* Rubik-ExtraBoldItalic.ttf in Resources */ = {isa = PBXBuildFile; fileRef = 19571C592B78E64A005928B0 /* Rubik-ExtraBoldItalic.ttf */; };
		19571C682B78E64B005928B0 /* Rubik-Italic.ttf in Resources */ = {isa = PBXBuildFile; fileRef = 19571C5A2B78E64A005928B0 /* Rubik-Italic.ttf */; };
		19571C692B78E64B005928B0 /* Rubik-Bold.ttf in Resources */ = {isa = PBXBuildFile; fileRef = 19571C5B2B78E64A005928B0 /* Rubik-Bold.ttf */; };
		19571C6A2B78E64B005928B0 /* Rubik-Medium.ttf in Resources */ = {isa = PBXBuildFile; fileRef = 19571C5C2B78E64A005928B0 /* Rubik-Medium.ttf */; };
		19571C6B2B78E64B005928B0 /* Rubik-BoldItalic.ttf in Resources */ = {isa = PBXBuildFile; fileRef = 19571C5D2B78E64B005928B0 /* Rubik-BoldItalic.ttf */; };
		19571C6C2B78E64B005928B0 /* Rubik-Light.ttf in Resources */ = {isa = PBXBuildFile; fileRef = 19571C5E2B78E64B005928B0 /* Rubik-Light.ttf */; };
		19571C6D2B78E64B005928B0 /* Rubik-SemiBold.ttf in Resources */ = {isa = PBXBuildFile; fileRef = 19571C5F2B78E64B005928B0 /* Rubik-SemiBold.ttf */; };
		19571C6E2B78E64B005928B0 /* Rubik-Regular.ttf in Resources */ = {isa = PBXBuildFile; fileRef = 19571C602B78E64B005928B0 /* Rubik-Regular.ttf */; };
		19571C6F2B78E64B005928B0 /* Rubik-LightItalic.ttf in Resources */ = {isa = PBXBuildFile; fileRef = 19571C612B78E64B005928B0 /* Rubik-LightItalic.ttf */; };
		19571C702B78E64B005928B0 /* Rubik-BlackItalic.ttf in Resources */ = {isa = PBXBuildFile; fileRef = 19571C622B78E64B005928B0 /* Rubik-BlackItalic.ttf */; };
		19571C712B78E64B005928B0 /* Rubik-SemiBoldItalic.ttf in Resources */ = {isa = PBXBuildFile; fileRef = 19571C632B78E64B005928B0 /* Rubik-SemiBoldItalic.ttf */; };
		19571C722B78E64B005928B0 /* Rubik-ExtraBold.ttf in Resources */ = {isa = PBXBuildFile; fileRef = 19571C642B78E64B005928B0 /* Rubik-ExtraBold.ttf */; };
		19571C742B78F49C005928B0 /* CustomTabBarController.swift in Sources */ = {isa = PBXBuildFile; fileRef = 19571C732B78F49C005928B0 /* CustomTabBarController.swift */; };
		1962BFC72B97466A004F4B0C /* InfoDiccountView.swift in Sources */ = {isa = PBXBuildFile; fileRef = 1962BFC62B97466A004F4B0C /* InfoDiccountView.swift */; };
		19945F782BB57A3900BCC8B4 /* ConverterView.swift in Sources */ = {isa = PBXBuildFile; fileRef = 19945F752BB57A3900BCC8B4 /* ConverterView.swift */; };
		19945F792BB57A3900BCC8B4 /* ConverterViewModel.swift in Sources */ = {isa = PBXBuildFile; fileRef = 19945F762BB57A3900BCC8B4 /* ConverterViewModel.swift */; };
		9833D6662B7CE7D3008B8073 /* Alamofire in Frameworks */ = {isa = PBXBuildFile; productRef = 9833D6652B7CE7D3008B8073 /* Alamofire */; };
		9833D6682B7CE806008B8073 /* NetworkManager.swift in Sources */ = {isa = PBXBuildFile; fileRef = 9833D6672B7CE806008B8073 /* NetworkManager.swift */; };
		9833D66A2B7CE834008B8073 /* Exchange.swift in Sources */ = {isa = PBXBuildFile; fileRef = 9833D6692B7CE834008B8073 /* Exchange.swift */; };
		9833D66E2B7CE88B008B8073 /* ExchangeTableViewCell.swift in Sources */ = {isa = PBXBuildFile; fileRef = 9833D66D2B7CE88B008B8073 /* ExchangeTableViewCell.swift */; };
		98696D862B7E2265009C43B0 /* DiscountTableViewCell.swift in Sources */ = {isa = PBXBuildFile; fileRef = 98696D852B7E2265009C43B0 /* DiscountTableViewCell.swift */; };
		98696D882B7E238A009C43B0 /* BanksTableViewCell.swift in Sources */ = {isa = PBXBuildFile; fileRef = 98696D872B7E238A009C43B0 /* BanksTableViewCell.swift */; };
		98696D8B2B7E2577009C43B0 /* AddBanksView.swift in Sources */ = {isa = PBXBuildFile; fileRef = 98696D8A2B7E2577009C43B0 /* AddBanksView.swift */; };
		98696D8D2B7E2582009C43B0 /* AddBanksViewModel.swift in Sources */ = {isa = PBXBuildFile; fileRef = 98696D8C2B7E2582009C43B0 /* AddBanksViewModel.swift */; };
		986CC2612B7B925B00BB8C82 /* BanksViewModel.swift in Sources */ = {isa = PBXBuildFile; fileRef = 986CC25F2B7B925B00BB8C82 /* BanksViewModel.swift */; };
		986CC2622B7B925B00BB8C82 /* BanksView.swift in Sources */ = {isa = PBXBuildFile; fileRef = 986CC2602B7B925B00BB8C82 /* BanksView.swift */; };
		986CC2662B7BA97D00BB8C82 /* DiscountViewModel.swift in Sources */ = {isa = PBXBuildFile; fileRef = 986CC2642B7BA97D00BB8C82 /* DiscountViewModel.swift */; };
		986CC2672B7BA97D00BB8C82 /* DiscountView.swift in Sources */ = {isa = PBXBuildFile; fileRef = 986CC2652B7BA97D00BB8C82 /* DiscountView.swift */; };
		986CC26B2B7BAA4B00BB8C82 /* ExchangeViewModel.swift in Sources */ = {isa = PBXBuildFile; fileRef = 986CC2692B7BAA4B00BB8C82 /* ExchangeViewModel.swift */; };
		986CC26C2B7BAA4B00BB8C82 /* ExchangeView.swift in Sources */ = {isa = PBXBuildFile; fileRef = 986CC26A2B7BAA4B00BB8C82 /* ExchangeView.swift */; };
		988DB2EA2B832A8F0057E34F /* CoreDataManager.swift in Sources */ = {isa = PBXBuildFile; fileRef = 988DB2E92B832A8F0057E34F /* CoreDataManager.swift */; };
		988DB2EE2B8361870057E34F /* ModifyBanksView.swift in Sources */ = {isa = PBXBuildFile; fileRef = 988DB2ED2B8361870057E34F /* ModifyBanksView.swift */; };
		988DB2F02B8361980057E34F /* ModifyBanksViewModel.swift in Sources */ = {isa = PBXBuildFile; fileRef = 988DB2EF2B8361980057E34F /* ModifyBanksViewModel.swift */; };
		98E5A06F2B8C8D4700D8024D /* AddDiscountViewModel.swift in Sources */ = {isa = PBXBuildFile; fileRef = 98E5A06D2B8C8D4700D8024D /* AddDiscountViewModel.swift */; };
		98E5A0702B8C8D4700D8024D /* AddDiscountView.swift in Sources */ = {isa = PBXBuildFile; fileRef = 98E5A06E2B8C8D4700D8024D /* AddDiscountView.swift */; };
/* End PBXBuildFile section */

/* Begin PBXFileReference section */
		19571C1B2B78DC45005928B0 /* Piggy Bank.app */ = {isa = PBXFileReference; explicitFileType = wrapper.application; includeInIndex = 0; path = "Piggy Bank.app"; sourceTree = BUILT_PRODUCTS_DIR; };
		19571C1E2B78DC45005928B0 /* AppDelegate.swift */ = {isa = PBXFileReference; lastKnownFileType = sourcecode.swift; path = AppDelegate.swift; sourceTree = "<group>"; };
		19571C202B78DC45005928B0 /* SceneDelegate.swift */ = {isa = PBXFileReference; lastKnownFileType = sourcecode.swift; path = SceneDelegate.swift; sourceTree = "<group>"; };
		19571C252B78DC45005928B0 /* Base */ = {isa = PBXFileReference; lastKnownFileType = file.storyboard; name = Base; path = Base.lproj/Main.storyboard; sourceTree = "<group>"; };
		19571C282B78DC45005928B0 /* Piggy_Bank.xcdatamodel */ = {isa = PBXFileReference; lastKnownFileType = wrapper.xcdatamodel; path = Piggy_Bank.xcdatamodel; sourceTree = "<group>"; };
		19571C2A2B78DC46005928B0 /* Assets.xcassets */ = {isa = PBXFileReference; lastKnownFileType = folder.assetcatalog; path = Assets.xcassets; sourceTree = "<group>"; };
		19571C2D2B78DC46005928B0 /* Base */ = {isa = PBXFileReference; lastKnownFileType = file.storyboard; name = Base; path = Base.lproj/LaunchScreen.storyboard; sourceTree = "<group>"; };
		19571C2F2B78DC46005928B0 /* Info.plist */ = {isa = PBXFileReference; lastKnownFileType = text.plist.xml; path = Info.plist; sourceTree = "<group>"; };
		19571C362B78DE4C005928B0 /* LogInView.swift */ = {isa = PBXFileReference; lastKnownFileType = sourcecode.swift; path = LogInView.swift; sourceTree = "<group>"; };
		19571C382B78DE63005928B0 /* LogInViewModel.swift */ = {isa = PBXFileReference; lastKnownFileType = sourcecode.swift; path = LogInViewModel.swift; sourceTree = "<group>"; };
		19571C572B78E64A005928B0 /* Rubik-MediumItalic.ttf */ = {isa = PBXFileReference; lastKnownFileType = file; path = "Rubik-MediumItalic.ttf"; sourceTree = "<group>"; };
		19571C582B78E64A005928B0 /* Rubik-Black.ttf */ = {isa = PBXFileReference; lastKnownFileType = file; path = "Rubik-Black.ttf"; sourceTree = "<group>"; };
		19571C592B78E64A005928B0 /* Rubik-ExtraBoldItalic.ttf */ = {isa = PBXFileReference; lastKnownFileType = file; path = "Rubik-ExtraBoldItalic.ttf"; sourceTree = "<group>"; };
		19571C5A2B78E64A005928B0 /* Rubik-Italic.ttf */ = {isa = PBXFileReference; lastKnownFileType = file; path = "Rubik-Italic.ttf"; sourceTree = "<group>"; };
		19571C5B2B78E64A005928B0 /* Rubik-Bold.ttf */ = {isa = PBXFileReference; lastKnownFileType = file; path = "Rubik-Bold.ttf"; sourceTree = "<group>"; };
		19571C5C2B78E64A005928B0 /* Rubik-Medium.ttf */ = {isa = PBXFileReference; lastKnownFileType = file; path = "Rubik-Medium.ttf"; sourceTree = "<group>"; };
		19571C5D2B78E64B005928B0 /* Rubik-BoldItalic.ttf */ = {isa = PBXFileReference; lastKnownFileType = file; path = "Rubik-BoldItalic.ttf"; sourceTree = "<group>"; };
		19571C5E2B78E64B005928B0 /* Rubik-Light.ttf */ = {isa = PBXFileReference; lastKnownFileType = file; path = "Rubik-Light.ttf"; sourceTree = "<group>"; };
		19571C5F2B78E64B005928B0 /* Rubik-SemiBold.ttf */ = {isa = PBXFileReference; lastKnownFileType = file; path = "Rubik-SemiBold.ttf"; sourceTree = "<group>"; };
		19571C602B78E64B005928B0 /* Rubik-Regular.ttf */ = {isa = PBXFileReference; lastKnownFileType = file; path = "Rubik-Regular.ttf"; sourceTree = "<group>"; };
		19571C612B78E64B005928B0 /* Rubik-LightItalic.ttf */ = {isa = PBXFileReference; lastKnownFileType = file; path = "Rubik-LightItalic.ttf"; sourceTree = "<group>"; };
		19571C622B78E64B005928B0 /* Rubik-BlackItalic.ttf */ = {isa = PBXFileReference; lastKnownFileType = file; path = "Rubik-BlackItalic.ttf"; sourceTree = "<group>"; };
		19571C632B78E64B005928B0 /* Rubik-SemiBoldItalic.ttf */ = {isa = PBXFileReference; lastKnownFileType = file; path = "Rubik-SemiBoldItalic.ttf"; sourceTree = "<group>"; };
		19571C642B78E64B005928B0 /* Rubik-ExtraBold.ttf */ = {isa = PBXFileReference; lastKnownFileType = file; path = "Rubik-ExtraBold.ttf"; sourceTree = "<group>"; };
		19571C732B78F49C005928B0 /* CustomTabBarController.swift */ = {isa = PBXFileReference; lastKnownFileType = sourcecode.swift; path = CustomTabBarController.swift; sourceTree = "<group>"; };
		1962BFC62B97466A004F4B0C /* InfoDiccountView.swift */ = {isa = PBXFileReference; lastKnownFileType = sourcecode.swift; path = InfoDiccountView.swift; sourceTree = "<group>"; };
		19945F752BB57A3900BCC8B4 /* ConverterView.swift */ = {isa = PBXFileReference; fileEncoding = 4; lastKnownFileType = sourcecode.swift; path = ConverterView.swift; sourceTree = "<group>"; };
		19945F762BB57A3900BCC8B4 /* ConverterViewModel.swift */ = {isa = PBXFileReference; fileEncoding = 4; lastKnownFileType = sourcecode.swift; path = ConverterViewModel.swift; sourceTree = "<group>"; };
		9833D6672B7CE806008B8073 /* NetworkManager.swift */ = {isa = PBXFileReference; lastKnownFileType = sourcecode.swift; path = NetworkManager.swift; sourceTree = "<group>"; };
		9833D6692B7CE834008B8073 /* Exchange.swift */ = {isa = PBXFileReference; lastKnownFileType = sourcecode.swift; path = Exchange.swift; sourceTree = "<group>"; };
		9833D66D2B7CE88B008B8073 /* ExchangeTableViewCell.swift */ = {isa = PBXFileReference; lastKnownFileType = sourcecode.swift; path = ExchangeTableViewCell.swift; sourceTree = "<group>"; };
		98696D852B7E2265009C43B0 /* DiscountTableViewCell.swift */ = {isa = PBXFileReference; lastKnownFileType = sourcecode.swift; path = DiscountTableViewCell.swift; sourceTree = "<group>"; };
		98696D872B7E238A009C43B0 /* BanksTableViewCell.swift */ = {isa = PBXFileReference; lastKnownFileType = sourcecode.swift; path = BanksTableViewCell.swift; sourceTree = "<group>"; };
		98696D8A2B7E2577009C43B0 /* AddBanksView.swift */ = {isa = PBXFileReference; lastKnownFileType = sourcecode.swift; path = AddBanksView.swift; sourceTree = "<group>"; };
		98696D8C2B7E2582009C43B0 /* AddBanksViewModel.swift */ = {isa = PBXFileReference; lastKnownFileType = sourcecode.swift; path = AddBanksViewModel.swift; sourceTree = "<group>"; };
		986CC25F2B7B925B00BB8C82 /* BanksViewModel.swift */ = {isa = PBXFileReference; fileEncoding = 4; lastKnownFileType = sourcecode.swift; path = BanksViewModel.swift; sourceTree = "<group>"; };
		986CC2602B7B925B00BB8C82 /* BanksView.swift */ = {isa = PBXFileReference; fileEncoding = 4; lastKnownFileType = sourcecode.swift; path = BanksView.swift; sourceTree = "<group>"; };
		986CC2642B7BA97D00BB8C82 /* DiscountViewModel.swift */ = {isa = PBXFileReference; fileEncoding = 4; lastKnownFileType = sourcecode.swift; path = DiscountViewModel.swift; sourceTree = "<group>"; };
		986CC2652B7BA97D00BB8C82 /* DiscountView.swift */ = {isa = PBXFileReference; fileEncoding = 4; lastKnownFileType = sourcecode.swift; path = DiscountView.swift; sourceTree = "<group>"; };
		986CC2692B7BAA4B00BB8C82 /* ExchangeViewModel.swift */ = {isa = PBXFileReference; fileEncoding = 4; lastKnownFileType = sourcecode.swift; path = ExchangeViewModel.swift; sourceTree = "<group>"; };
		986CC26A2B7BAA4B00BB8C82 /* ExchangeView.swift */ = {isa = PBXFileReference; fileEncoding = 4; lastKnownFileType = sourcecode.swift; path = ExchangeView.swift; sourceTree = "<group>"; };
		988DB2E92B832A8F0057E34F /* CoreDataManager.swift */ = {isa = PBXFileReference; fileEncoding = 4; lastKnownFileType = sourcecode.swift; path = CoreDataManager.swift; sourceTree = "<group>"; };
		988DB2ED2B8361870057E34F /* ModifyBanksView.swift */ = {isa = PBXFileReference; lastKnownFileType = sourcecode.swift; path = ModifyBanksView.swift; sourceTree = "<group>"; };
		988DB2EF2B8361980057E34F /* ModifyBanksViewModel.swift */ = {isa = PBXFileReference; lastKnownFileType = sourcecode.swift; path = ModifyBanksViewModel.swift; sourceTree = "<group>"; };
		98E5A06D2B8C8D4700D8024D /* AddDiscountViewModel.swift */ = {isa = PBXFileReference; fileEncoding = 4; lastKnownFileType = sourcecode.swift; path = AddDiscountViewModel.swift; sourceTree = "<group>"; };
		98E5A06E2B8C8D4700D8024D /* AddDiscountView.swift */ = {isa = PBXFileReference; fileEncoding = 4; lastKnownFileType = sourcecode.swift; path = AddDiscountView.swift; sourceTree = "<group>"; };
/* End PBXFileReference section */

/* Begin PBXFrameworksBuildPhase section */
		19571C182B78DC45005928B0 /* Frameworks */ = {
			isa = PBXFrameworksBuildPhase;
			buildActionMask = 2147483647;
			files = (
				9833D6662B7CE7D3008B8073 /* Alamofire in Frameworks */,
			);
			runOnlyForDeploymentPostprocessing = 0;
		};
/* End PBXFrameworksBuildPhase section */

/* Begin PBXGroup section */
		19571C122B78DC45005928B0 = {
			isa = PBXGroup;
			children = (
				19571C1D2B78DC45005928B0 /* Piggy Bank */,
				19571C1C2B78DC45005928B0 /* Products */,
			);
			sourceTree = "<group>";
		};
		19571C1C2B78DC45005928B0 /* Products */ = {
			isa = PBXGroup;
			children = (
				19571C1B2B78DC45005928B0 /* Piggy Bank.app */,
			);
			name = Products;
			sourceTree = "<group>";
		};
		19571C1D2B78DC45005928B0 /* Piggy Bank */ = {
			isa = PBXGroup;
			children = (
				19945F7A2BB58CD400BCC8B4 /* Application */,
				19571C242B78DC45005928B0 /* Main.storyboard */,
				19571C2C2B78DC46005928B0 /* LaunchScreen.storyboard */,
				19571C2F2B78DC46005928B0 /* Info.plist */,
				19571C2A2B78DC46005928B0 /* Assets.xcassets */,
				19571C272B78DC45005928B0 /* Piggy_Bank.xcdatamodeld */,
			);
			path = "Piggy Bank";
			sourceTree = "<group>";
		};
		19571C352B78DE27005928B0 /* LogIn */ = {
			isa = PBXGroup;
			children = (
				19571C362B78DE4C005928B0 /* LogInView.swift */,
				19571C382B78DE63005928B0 /* LogInViewModel.swift */,
			);
			path = LogIn;
			sourceTree = "<group>";
		};
		19571C3A2B78E5F3005928B0 /* Fonts */ = {
			isa = PBXGroup;
			children = (
				19571C582B78E64A005928B0 /* Rubik-Black.ttf */,
				19571C622B78E64B005928B0 /* Rubik-BlackItalic.ttf */,
				19571C5B2B78E64A005928B0 /* Rubik-Bold.ttf */,
				19571C5D2B78E64B005928B0 /* Rubik-BoldItalic.ttf */,
				19571C642B78E64B005928B0 /* Rubik-ExtraBold.ttf */,
				19571C592B78E64A005928B0 /* Rubik-ExtraBoldItalic.ttf */,
				19571C5A2B78E64A005928B0 /* Rubik-Italic.ttf */,
				19571C5E2B78E64B005928B0 /* Rubik-Light.ttf */,
				19571C612B78E64B005928B0 /* Rubik-LightItalic.ttf */,
				19571C5C2B78E64A005928B0 /* Rubik-Medium.ttf */,
				19571C572B78E64A005928B0 /* Rubik-MediumItalic.ttf */,
				19571C602B78E64B005928B0 /* Rubik-Regular.ttf */,
				19571C5F2B78E64B005928B0 /* Rubik-SemiBold.ttf */,
				19571C632B78E64B005928B0 /* Rubik-SemiBoldItalic.ttf */,
			);
			path = Fonts;
			sourceTree = "<group>";
		};
		1962BFC52B9745F5004F4B0C /* Info */ = {
			isa = PBXGroup;
			children = (
				1962BFC62B97466A004F4B0C /* InfoDiccountView.swift */,
			);
			path = Info;
			sourceTree = "<group>";
		};
		19945F772BB57A3900BCC8B4 /* CurrencyConverter */ = {
			isa = PBXGroup;
			children = (
				19945F752BB57A3900BCC8B4 /* ConverterView.swift */,
				19945F762BB57A3900BCC8B4 /* ConverterViewModel.swift */,
			);
			path = CurrencyConverter;
			sourceTree = "<group>";
		};
		19945F7A2BB58CD400BCC8B4 /* Application */ = {
			isa = PBXGroup;
			children = (
				19571C1E2B78DC45005928B0 /* AppDelegate.swift */,
				19571C202B78DC45005928B0 /* SceneDelegate.swift */,
				19945F7B2BB58CEC00BCC8B4 /* Modules */,
				19945F7C2BB58D2C00BCC8B4 /* Helpers */,
			);
			path = Application;
			sourceTree = "<group>";
		};
		19945F7B2BB58CEC00BCC8B4 /* Modules */ = {
			isa = PBXGroup;
			children = (
				19571C352B78DE27005928B0 /* LogIn */,
				986CC2632B7BA94F00BB8C82 /* Discount */,
				986CC25E2B7B923000BB8C82 /* Banks */,
				986CC2682B7BAA1F00BB8C82 /* Exchange Rate */,
				19945F772BB57A3900BCC8B4 /* CurrencyConverter */,
			);
			path = Modules;
			sourceTree = "<group>";
		};
		19945F7C2BB58D2C00BCC8B4 /* Helpers */ = {
			isa = PBXGroup;
			children = (
				9833D6692B7CE834008B8073 /* Exchange.swift */,
				9833D6672B7CE806008B8073 /* NetworkManager.swift */,
				19571C732B78F49C005928B0 /* CustomTabBarController.swift */,
				988DB2E92B832A8F0057E34F /* CoreDataManager.swift */,
				19571C3A2B78E5F3005928B0 /* Fonts */,
			);
			path = Helpers;
			sourceTree = "<group>";
		};
		98696D892B7E2565009C43B0 /* add */ = {
			isa = PBXGroup;
			children = (
				98696D8A2B7E2577009C43B0 /* AddBanksView.swift */,
				98696D8C2B7E2582009C43B0 /* AddBanksViewModel.swift */,
			);
			path = add;
			sourceTree = "<group>";
		};
		986CC25E2B7B923000BB8C82 /* Banks */ = {
			isa = PBXGroup;
			children = (
				988DB2EC2B8361680057E34F /* modify */,
				98696D892B7E2565009C43B0 /* add */,
				986CC2602B7B925B00BB8C82 /* BanksView.swift */,
				986CC25F2B7B925B00BB8C82 /* BanksViewModel.swift */,
				98696D872B7E238A009C43B0 /* BanksTableViewCell.swift */,
			);
			path = Banks;
			sourceTree = "<group>";
		};
		986CC2632B7BA94F00BB8C82 /* Discount */ = {
			isa = PBXGroup;
			children = (
				1962BFC52B9745F5004F4B0C /* Info */,
				98E5A06C2B8C8D4700D8024D /* add */,
				986CC2652B7BA97D00BB8C82 /* DiscountView.swift */,
				986CC2642B7BA97D00BB8C82 /* DiscountViewModel.swift */,
				98696D852B7E2265009C43B0 /* DiscountTableViewCell.swift */,
			);
			path = Discount;
			sourceTree = "<group>";
		};
		986CC2682B7BAA1F00BB8C82 /* Exchange Rate */ = {
			isa = PBXGroup;
			children = (
				986CC26A2B7BAA4B00BB8C82 /* ExchangeView.swift */,
				986CC2692B7BAA4B00BB8C82 /* ExchangeViewModel.swift */,
				9833D66D2B7CE88B008B8073 /* ExchangeTableViewCell.swift */,
			);
			path = "Exchange Rate";
			sourceTree = "<group>";
		};
		988DB2EC2B8361680057E34F /* modify */ = {
			isa = PBXGroup;
			children = (
				988DB2ED2B8361870057E34F /* ModifyBanksView.swift */,
				988DB2EF2B8361980057E34F /* ModifyBanksViewModel.swift */,
			);
			path = modify;
			sourceTree = "<group>";
		};
		98E5A06C2B8C8D4700D8024D /* add */ = {
			isa = PBXGroup;
			children = (
				98E5A06E2B8C8D4700D8024D /* AddDiscountView.swift */,
				98E5A06D2B8C8D4700D8024D /* AddDiscountViewModel.swift */,
			);
			path = add;
			sourceTree = "<group>";
		};
/* End PBXGroup section */

/* Begin PBXNativeTarget section */
		19571C1A2B78DC45005928B0 /* Piggy Bank */ = {
			isa = PBXNativeTarget;
			buildConfigurationList = 19571C322B78DC46005928B0 /* Build configuration list for PBXNativeTarget "Piggy Bank" */;
			buildPhases = (
				19571C172B78DC45005928B0 /* Sources */,
				19571C182B78DC45005928B0 /* Frameworks */,
				19571C192B78DC45005928B0 /* Resources */,
			);
			buildRules = (
			);
			dependencies = (
			);
			name = "Piggy Bank";
			packageProductDependencies = (
				9833D6652B7CE7D3008B8073 /* Alamofire */,
			);
			productName = "Piggy Bank";
			productReference = 19571C1B2B78DC45005928B0 /* Piggy Bank.app */;
			productType = "com.apple.product-type.application";
		};
/* End PBXNativeTarget section */

/* Begin PBXProject section */
		19571C132B78DC45005928B0 /* Project object */ = {
			isa = PBXProject;
			attributes = {
				BuildIndependentTargetsInParallel = 1;
				LastSwiftUpdateCheck = 1520;
				LastUpgradeCheck = 1520;
				TargetAttributes = {
					19571C1A2B78DC45005928B0 = {
						CreatedOnToolsVersion = 15.2;
					};
				};
			};
			buildConfigurationList = 19571C162B78DC45005928B0 /* Build configuration list for PBXProject "Piggy Bank" */;
			compatibilityVersion = "Xcode 14.0";
			developmentRegion = en;
			hasScannedForEncodings = 0;
			knownRegions = (
				en,
				Base,
			);
			mainGroup = 19571C122B78DC45005928B0;
			packageReferences = (
				9833D6642B7CE7D3008B8073 /* XCRemoteSwiftPackageReference "Alamofire" */,
			);
			productRefGroup = 19571C1C2B78DC45005928B0 /* Products */;
			projectDirPath = "";
			projectRoot = "";
			targets = (
				19571C1A2B78DC45005928B0 /* Piggy Bank */,
			);
		};
/* End PBXProject section */

/* Begin PBXResourcesBuildPhase section */
		19571C192B78DC45005928B0 /* Resources */ = {
			isa = PBXResourcesBuildPhase;
			buildActionMask = 2147483647;
			files = (
				19571C672B78E64B005928B0 /* Rubik-ExtraBoldItalic.ttf in Resources */,
				19571C2E2B78DC46005928B0 /* LaunchScreen.storyboard in Resources */,
				19571C2B2B78DC46005928B0 /* Assets.xcassets in Resources */,
				19571C712B78E64B005928B0 /* Rubik-SemiBoldItalic.ttf in Resources */,
				19571C6D2B78E64B005928B0 /* Rubik-SemiBold.ttf in Resources */,
				19571C262B78DC45005928B0 /* Main.storyboard in Resources */,
				19571C702B78E64B005928B0 /* Rubik-BlackItalic.ttf in Resources */,
				19571C682B78E64B005928B0 /* Rubik-Italic.ttf in Resources */,
				19571C722B78E64B005928B0 /* Rubik-ExtraBold.ttf in Resources */,
				19571C6B2B78E64B005928B0 /* Rubik-BoldItalic.ttf in Resources */,
				19571C692B78E64B005928B0 /* Rubik-Bold.ttf in Resources */,
				19571C6A2B78E64B005928B0 /* Rubik-Medium.ttf in Resources */,
				19571C6F2B78E64B005928B0 /* Rubik-LightItalic.ttf in Resources */,
				19571C662B78E64B005928B0 /* Rubik-Black.ttf in Resources */,
				19571C6E2B78E64B005928B0 /* Rubik-Regular.ttf in Resources */,
				19571C652B78E64B005928B0 /* Rubik-MediumItalic.ttf in Resources */,
				19571C6C2B78E64B005928B0 /* Rubik-Light.ttf in Resources */,
			);
			runOnlyForDeploymentPostprocessing = 0;
		};
/* End PBXResourcesBuildPhase section */

/* Begin PBXSourcesBuildPhase section */
		19571C172B78DC45005928B0 /* Sources */ = {
			isa = PBXSourcesBuildPhase;
			buildActionMask = 2147483647;
			files = (
				19571C372B78DE4C005928B0 /* LogInView.swift in Sources */,
				19571C1F2B78DC45005928B0 /* AppDelegate.swift in Sources */,
				986CC26C2B7BAA4B00BB8C82 /* ExchangeView.swift in Sources */,
				98E5A06F2B8C8D4700D8024D /* AddDiscountViewModel.swift in Sources */,
				9833D66A2B7CE834008B8073 /* Exchange.swift in Sources */,
				986CC2662B7BA97D00BB8C82 /* DiscountViewModel.swift in Sources */,
				19571C742B78F49C005928B0 /* CustomTabBarController.swift in Sources */,
				1962BFC72B97466A004F4B0C /* InfoDiccountView.swift in Sources */,
				988DB2EA2B832A8F0057E34F /* CoreDataManager.swift in Sources */,
				986CC2672B7BA97D00BB8C82 /* DiscountView.swift in Sources */,
				986CC2612B7B925B00BB8C82 /* BanksViewModel.swift in Sources */,
				986CC26B2B7BAA4B00BB8C82 /* ExchangeViewModel.swift in Sources */,
				19945F792BB57A3900BCC8B4 /* ConverterViewModel.swift in Sources */,
				986CC2622B7B925B00BB8C82 /* BanksView.swift in Sources */,
				98696D862B7E2265009C43B0 /* DiscountTableViewCell.swift in Sources */,
				19571C292B78DC45005928B0 /* Piggy_Bank.xcdatamodeld in Sources */,
				9833D6682B7CE806008B8073 /* NetworkManager.swift in Sources */,
				19945F782BB57A3900BCC8B4 /* ConverterView.swift in Sources */,
				98E5A0702B8C8D4700D8024D /* AddDiscountView.swift in Sources */,
				988DB2F02B8361980057E34F /* ModifyBanksViewModel.swift in Sources */,
				19571C392B78DE63005928B0 /* LogInViewModel.swift in Sources */,
				988DB2EE2B8361870057E34F /* ModifyBanksView.swift in Sources */,
				98696D882B7E238A009C43B0 /* BanksTableViewCell.swift in Sources */,
				98696D8B2B7E2577009C43B0 /* AddBanksView.swift in Sources */,
				9833D66E2B7CE88B008B8073 /* ExchangeTableViewCell.swift in Sources */,
				98696D8D2B7E2582009C43B0 /* AddBanksViewModel.swift in Sources */,
				19571C212B78DC45005928B0 /* SceneDelegate.swift in Sources */,
			);
			runOnlyForDeploymentPostprocessing = 0;
		};
/* End PBXSourcesBuildPhase section */

/* Begin PBXVariantGroup section */
		19571C242B78DC45005928B0 /* Main.storyboard */ = {
			isa = PBXVariantGroup;
			children = (
				19571C252B78DC45005928B0 /* Base */,
			);
			name = Main.storyboard;
			sourceTree = "<group>";
		};
		19571C2C2B78DC46005928B0 /* LaunchScreen.storyboard */ = {
			isa = PBXVariantGroup;
			children = (
				19571C2D2B78DC46005928B0 /* Base */,
			);
			name = LaunchScreen.storyboard;
			sourceTree = "<group>";
		};
/* End PBXVariantGroup section */

/* Begin XCBuildConfiguration section */
		19571C302B78DC46005928B0 /* Debug */ = {
			isa = XCBuildConfiguration;
			buildSettings = {
				ALWAYS_SEARCH_USER_PATHS = NO;
				ASSETCATALOG_COMPILER_GENERATE_SWIFT_ASSET_SYMBOL_EXTENSIONS = YES;
				CLANG_ANALYZER_NONNULL = YES;
				CLANG_ANALYZER_NUMBER_OBJECT_CONVERSION = YES_AGGRESSIVE;
				CLANG_CXX_LANGUAGE_STANDARD = "gnu++20";
				CLANG_ENABLE_MODULES = YES;
				CLANG_ENABLE_OBJC_ARC = YES;
				CLANG_ENABLE_OBJC_WEAK = YES;
				CLANG_WARN_BLOCK_CAPTURE_AUTORELEASING = YES;
				CLANG_WARN_BOOL_CONVERSION = YES;
				CLANG_WARN_COMMA = YES;
				CLANG_WARN_CONSTANT_CONVERSION = YES;
				CLANG_WARN_DEPRECATED_OBJC_IMPLEMENTATIONS = YES;
				CLANG_WARN_DIRECT_OBJC_ISA_USAGE = YES_ERROR;
				CLANG_WARN_DOCUMENTATION_COMMENTS = YES;
				CLANG_WARN_EMPTY_BODY = YES;
				CLANG_WARN_ENUM_CONVERSION = YES;
				CLANG_WARN_INFINITE_RECURSION = YES;
				CLANG_WARN_INT_CONVERSION = YES;
				CLANG_WARN_NON_LITERAL_NULL_CONVERSION = YES;
				CLANG_WARN_OBJC_IMPLICIT_RETAIN_SELF = YES;
				CLANG_WARN_OBJC_LITERAL_CONVERSION = YES;
				CLANG_WARN_OBJC_ROOT_CLASS = YES_ERROR;
				CLANG_WARN_QUOTED_INCLUDE_IN_FRAMEWORK_HEADER = YES;
				CLANG_WARN_RANGE_LOOP_ANALYSIS = YES;
				CLANG_WARN_STRICT_PROTOTYPES = YES;
				CLANG_WARN_SUSPICIOUS_MOVE = YES;
				CLANG_WARN_UNGUARDED_AVAILABILITY = YES_AGGRESSIVE;
				CLANG_WARN_UNREACHABLE_CODE = YES;
				CLANG_WARN__DUPLICATE_METHOD_MATCH = YES;
				COPY_PHASE_STRIP = NO;
				DEBUG_INFORMATION_FORMAT = dwarf;
				ENABLE_STRICT_OBJC_MSGSEND = YES;
				ENABLE_TESTABILITY = YES;
				ENABLE_USER_SCRIPT_SANDBOXING = YES;
				GCC_C_LANGUAGE_STANDARD = gnu17;
				GCC_DYNAMIC_NO_PIC = NO;
				GCC_NO_COMMON_BLOCKS = YES;
				GCC_OPTIMIZATION_LEVEL = 0;
				GCC_PREPROCESSOR_DEFINITIONS = (
					"DEBUG=1",
					"$(inherited)",
				);
				GCC_WARN_64_TO_32_BIT_CONVERSION = YES;
				GCC_WARN_ABOUT_RETURN_TYPE = YES_ERROR;
				GCC_WARN_UNDECLARED_SELECTOR = YES;
				GCC_WARN_UNINITIALIZED_AUTOS = YES_AGGRESSIVE;
				GCC_WARN_UNUSED_FUNCTION = YES;
				GCC_WARN_UNUSED_VARIABLE = YES;
				IPHONEOS_DEPLOYMENT_TARGET = 17.2;
				LOCALIZATION_PREFERS_STRING_CATALOGS = YES;
				MTL_ENABLE_DEBUG_INFO = INCLUDE_SOURCE;
				MTL_FAST_MATH = YES;
				ONLY_ACTIVE_ARCH = YES;
				SDKROOT = iphoneos;
				SWIFT_ACTIVE_COMPILATION_CONDITIONS = "DEBUG $(inherited)";
				SWIFT_OPTIMIZATION_LEVEL = "-Onone";
			};
			name = Debug;
		};
		19571C312B78DC46005928B0 /* Release */ = {
			isa = XCBuildConfiguration;
			buildSettings = {
				ALWAYS_SEARCH_USER_PATHS = NO;
				ASSETCATALOG_COMPILER_GENERATE_SWIFT_ASSET_SYMBOL_EXTENSIONS = YES;
				CLANG_ANALYZER_NONNULL = YES;
				CLANG_ANALYZER_NUMBER_OBJECT_CONVERSION = YES_AGGRESSIVE;
				CLANG_CXX_LANGUAGE_STANDARD = "gnu++20";
				CLANG_ENABLE_MODULES = YES;
				CLANG_ENABLE_OBJC_ARC = YES;
				CLANG_ENABLE_OBJC_WEAK = YES;
				CLANG_WARN_BLOCK_CAPTURE_AUTORELEASING = YES;
				CLANG_WARN_BOOL_CONVERSION = YES;
				CLANG_WARN_COMMA = YES;
				CLANG_WARN_CONSTANT_CONVERSION = YES;
				CLANG_WARN_DEPRECATED_OBJC_IMPLEMENTATIONS = YES;
				CLANG_WARN_DIRECT_OBJC_ISA_USAGE = YES_ERROR;
				CLANG_WARN_DOCUMENTATION_COMMENTS = YES;
				CLANG_WARN_EMPTY_BODY = YES;
				CLANG_WARN_ENUM_CONVERSION = YES;
				CLANG_WARN_INFINITE_RECURSION = YES;
				CLANG_WARN_INT_CONVERSION = YES;
				CLANG_WARN_NON_LITERAL_NULL_CONVERSION = YES;
				CLANG_WARN_OBJC_IMPLICIT_RETAIN_SELF = YES;
				CLANG_WARN_OBJC_LITERAL_CONVERSION = YES;
				CLANG_WARN_OBJC_ROOT_CLASS = YES_ERROR;
				CLANG_WARN_QUOTED_INCLUDE_IN_FRAMEWORK_HEADER = YES;
				CLANG_WARN_RANGE_LOOP_ANALYSIS = YES;
				CLANG_WARN_STRICT_PROTOTYPES = YES;
				CLANG_WARN_SUSPICIOUS_MOVE = YES;
				CLANG_WARN_UNGUARDED_AVAILABILITY = YES_AGGRESSIVE;
				CLANG_WARN_UNREACHABLE_CODE = YES;
				CLANG_WARN__DUPLICATE_METHOD_MATCH = YES;
				COPY_PHASE_STRIP = NO;
				DEBUG_INFORMATION_FORMAT = "dwarf-with-dsym";
				ENABLE_NS_ASSERTIONS = NO;
				ENABLE_STRICT_OBJC_MSGSEND = YES;
				ENABLE_USER_SCRIPT_SANDBOXING = YES;
				GCC_C_LANGUAGE_STANDARD = gnu17;
				GCC_NO_COMMON_BLOCKS = YES;
				GCC_WARN_64_TO_32_BIT_CONVERSION = YES;
				GCC_WARN_ABOUT_RETURN_TYPE = YES_ERROR;
				GCC_WARN_UNDECLARED_SELECTOR = YES;
				GCC_WARN_UNINITIALIZED_AUTOS = YES_AGGRESSIVE;
				GCC_WARN_UNUSED_FUNCTION = YES;
				GCC_WARN_UNUSED_VARIABLE = YES;
				IPHONEOS_DEPLOYMENT_TARGET = 17.2;
				LOCALIZATION_PREFERS_STRING_CATALOGS = YES;
				MTL_ENABLE_DEBUG_INFO = NO;
				MTL_FAST_MATH = YES;
				SDKROOT = iphoneos;
				SWIFT_COMPILATION_MODE = wholemodule;
				VALIDATE_PRODUCT = YES;
			};
			name = Release;
		};
		19571C332B78DC46005928B0 /* Debug */ = {
			isa = XCBuildConfiguration;
			buildSettings = {
				ASSETCATALOG_COMPILER_APPICON_NAME = AppIcon;
				ASSETCATALOG_COMPILER_GLOBAL_ACCENT_COLOR_NAME = AccentColor;
				CODE_SIGN_STYLE = Automatic;
				CURRENT_PROJECT_VERSION = 1;
				DEVELOPMENT_TEAM = BYHNB7QH96;
				GENERATE_INFOPLIST_FILE = YES;
				INFOPLIST_FILE = "Piggy Bank/Info.plist";
				INFOPLIST_KEY_LSApplicationCategoryType = "public.app-category.finance";
				INFOPLIST_KEY_UIApplicationSupportsIndirectInputEvents = YES;
				INFOPLIST_KEY_UILaunchStoryboardName = LaunchScreen;
				INFOPLIST_KEY_UIMainStoryboardFile = Main;
				INFOPLIST_KEY_UISupportedInterfaceOrientations = "UIInterfaceOrientationPortrait UIInterfaceOrientationPortraitUpsideDown";
				INFOPLIST_KEY_UISupportedInterfaceOrientations_iPad = "UIInterfaceOrientationLandscapeLeft UIInterfaceOrientationLandscapeRight UIInterfaceOrientationPortrait UIInterfaceOrientationPortraitUpsideDown";
				LD_RUNPATH_SEARCH_PATHS = (
					"$(inherited)",
					"@executable_path/Frameworks",
				);
				MARKETING_VERSION = 1.0;
				PRODUCT_BUNDLE_IDENTIFIER = "d.yushkevich.Piggy-Bank";
				PRODUCT_NAME = "$(TARGET_NAME)";
				SWIFT_EMIT_LOC_STRINGS = YES;
				SWIFT_VERSION = 5.0;
				TARGETED_DEVICE_FAMILY = "1,2";
			};
			name = Debug;
		};
		19571C342B78DC46005928B0 /* Release */ = {
			isa = XCBuildConfiguration;
			buildSettings = {
				ASSETCATALOG_COMPILER_APPICON_NAME = AppIcon;
				ASSETCATALOG_COMPILER_GLOBAL_ACCENT_COLOR_NAME = AccentColor;
				CODE_SIGN_STYLE = Automatic;
				CURRENT_PROJECT_VERSION = 1;
				DEVELOPMENT_TEAM = BYHNB7QH96;
				GENERATE_INFOPLIST_FILE = YES;
				INFOPLIST_FILE = "Piggy Bank/Info.plist";
				INFOPLIST_KEY_LSApplicationCategoryType = "public.app-category.finance";
				INFOPLIST_KEY_UIApplicationSupportsIndirectInputEvents = YES;
				INFOPLIST_KEY_UILaunchStoryboardName = LaunchScreen;
				INFOPLIST_KEY_UIMainStoryboardFile = Main;
				INFOPLIST_KEY_UISupportedInterfaceOrientations = "UIInterfaceOrientationPortrait UIInterfaceOrientationPortraitUpsideDown";
				INFOPLIST_KEY_UISupportedInterfaceOrientations_iPad = "UIInterfaceOrientationLandscapeLeft UIInterfaceOrientationLandscapeRight UIInterfaceOrientationPortrait UIInterfaceOrientationPortraitUpsideDown";
				LD_RUNPATH_SEARCH_PATHS = (
					"$(inherited)",
					"@executable_path/Frameworks",
				);
				MARKETING_VERSION = 1.0;
				PRODUCT_BUNDLE_IDENTIFIER = "d.yushkevich.Piggy-Bank";
				PRODUCT_NAME = "$(TARGET_NAME)";
				SWIFT_EMIT_LOC_STRINGS = YES;
				SWIFT_VERSION = 5.0;
				TARGETED_DEVICE_FAMILY = "1,2";
			};
			name = Release;
		};
/* End XCBuildConfiguration section */

/* Begin XCConfigurationList section */
		19571C162B78DC45005928B0 /* Build configuration list for PBXProject "Piggy Bank" */ = {
			isa = XCConfigurationList;
			buildConfigurations = (
				19571C302B78DC46005928B0 /* Debug */,
				19571C312B78DC46005928B0 /* Release */,
			);
			defaultConfigurationIsVisible = 0;
			defaultConfigurationName = Release;
		};
		19571C322B78DC46005928B0 /* Build configuration list for PBXNativeTarget "Piggy Bank" */ = {
			isa = XCConfigurationList;
			buildConfigurations = (
				19571C332B78DC46005928B0 /* Debug */,
				19571C342B78DC46005928B0 /* Release */,
			);
			defaultConfigurationIsVisible = 0;
			defaultConfigurationName = Release;
		};
/* End XCConfigurationList section */

/* Begin XCRemoteSwiftPackageReference section */
		9833D6642B7CE7D3008B8073 /* XCRemoteSwiftPackageReference "Alamofire" */ = {
			isa = XCRemoteSwiftPackageReference;
			repositoryURL = "https://github.com/Alamofire/Alamofire";
			requirement = {
				kind = upToNextMajorVersion;
				minimumVersion = 5.8.1;
			};
		};
/* End XCRemoteSwiftPackageReference section */

/* Begin XCSwiftPackageProductDependency section */
		9833D6652B7CE7D3008B8073 /* Alamofire */ = {
			isa = XCSwiftPackageProductDependency;
			package = 9833D6642B7CE7D3008B8073 /* XCRemoteSwiftPackageReference "Alamofire" */;
			productName = Alamofire;
		};
/* End XCSwiftPackageProductDependency section */

/* Begin XCVersionGroup section */
		19571C272B78DC45005928B0 /* Piggy_Bank.xcdatamodeld */ = {
			isa = XCVersionGroup;
			children = (
				19571C282B78DC45005928B0 /* Piggy_Bank.xcdatamodel */,
			);
			currentVersion = 19571C282B78DC45005928B0 /* Piggy_Bank.xcdatamodel */;
			path = Piggy_Bank.xcdatamodeld;
			sourceTree = "<group>";
			versionGroupType = wrapper.xcdatamodel;
		};
/* End XCVersionGroup section */
	};
	rootObject = 19571C132B78DC45005928B0 /* Project object */;
}
